github.com/davecgh/go-spew v1.1.1 h1:vj9j/u1bqnvCEfJOwUhtlOARqs3+rkHYY13jYWTU97c=
github.com/facebookincubator/go-belt v0.0.0-20221024173957-c700cceba34e h1:1gssxJTkmLDpUCR3DmotuVMOOxV1f+9QH3nViUndWQc=
github.com/go-ng/slices v0.0.0-20220616195238-b8d239c57d65 h1:Z0bSxwn4xHsF3+MmGqMvKYtMAFqsSMmW04/zpc4k1sk=
github.com/go-ng/slices v0.0.0-20220616195238-b8d239c57d65/go.mod h1:oRD4LxXsmqAI0X6Lj1vKWymfNKcCLZH5b18qyPZOTv4=
github.com/go-ng/sort v0.0.0-20220617173827-2cc7cd04f7c7 h1:Ng6QMSlQSB+goG6430/Fp7O4YO2BJZXZJaldtg+7kEc=
github.com/go-ng/sort v0.0.0-20220617173827-2cc7cd04f7c7/go.mod h1:QUXmOopthsqLYJ+rAybuCf16J7qQm60TLVdQR0w1Nus=
github.com/go-ng/xsort v0.0.0-20220617174223-1d146907bccc h1:VNz633GRJx2/hL0SpBNoNlLid4xtyi7LSJP1kHpD2Fo=
github.com/go-ng/xsort v0.0.0-20220617174223-1d146907bccc/go.mod h1:Pz/V4pxeXP0hjBlXIrm2ehR0GJ0l4Bon3fsOl6TmoJs=
github.com/google/uuid v1.3.0 h1:t6JiXgmwXMjEs8VusXIJk2BXHsn+wx8BZdTaoZ5fu7I=
github.com/google/uuid v1.3.0/go.mod h1:TIyPZe4MgqvfeYDBFedMoGGpEw/LqOeaOT+nhxU+yHo=
github.com/pmezard/go-difflib v1.0.0 h1:4DBwDE0NGyQoBHbLQYPwSUPoCMWR5BEzIk/f1lZbAQM=
github.com/stretchr/testify v1.8.0 h1:pSgiaMZlXftHpm5L7V1+rVB+AZJydKsMxsQBIJw4PKk=
golang.org/x/exp v0.0.0-20220613132600-b0d781184e0d h1:vtUKgx8dahOomfFzLREU8nSv25YHnTgLBn4rDnWZdU0=
golang.org/x/exp v0.0.0-20220613132600-b0d781184e0d/go.mod h1:Kr81I6Kryrl9sr8s2FK3vxD90NdsKWRuOIl2O4CvYbA=
gopkg.in/yaml.v3 v3.0.1 h1:fxVm/GzAzEWqLHuvctI91KS9hhNmmWOoWu0XTYJS7CA=
