github.com/OneOfOne/xxhash v1.2.7 h1:fzrmmkskv067ZQbd9wERNGuxckWw67dyzoMG62p7LMo=
github.com/OneOfOne/xxhash v1.2.7/go.mod h1:eZbhyaAYD41SGSSsnmcpxVoRiQ/MPUTjUdIIOT9Um7Q=
github.com/cornelk/hashmap v1.0.1/go.mod h1:8wbysTUDnwJGrPZ1Iwsou3m+An6sldFrJItjRhfegCw=
github.com/davecgh/go-spew v1.1.0/go.mod h1:J7Y8YcW2NihsgmVo/mv3lAwl/skON4iLHjSsI+c5H38=
github.com/davecgh/go-spew v1.1.1 h1:vj9j/u1bqnvCEfJOwUhtlOARqs3+rkHYY13jYWTU97c=
github.com/dchest/siphash v1.1.0/go.mod h1:q+IRvb2gOSrUnYoPqHiyHXS0FOBBOdl6tONBlVnOnt4=
github.com/facebookincubator/go-belt v0.0.0-20221024173957-c700cceba34e h1:1gssxJTkmLDpUCR3DmotuVMOOxV1f+9QH3nViUndWQc=
github.com/go-ng/slices v0.0.0-20220616195238-b8d239c57d65 h1:Z0bSxwn4xHsF3+MmGqMvKYtMAFqsSMmW04/zpc4k1sk=
github.com/go-ng/slices v0.0.0-20220616195238-b8d239c57d65/go.mod h1:oRD4LxXsmqAI0X6Lj1vKWymfNKcCLZH5b18qyPZOTv4=
github.com/go-ng/sort v0.0.0-20220617173827-2cc7cd04f7c7 h1:Ng6QMSlQSB+goG6430/Fp7O4YO2BJZXZJaldtg+7kEc=
github.com/go-ng/sort v0.0.0-20220617173827-2cc7cd04f7c7/go.mod h1:QUXmOopthsqLYJ+rAybuCf16J7qQm60TLVdQR0w1Nus=
github.com/go-ng/xsort v0.0.0-20220617174223-1d146907bccc h1:VNz633GRJx2/hL0SpBNoNlLid4xtyi7LSJP1kHpD2Fo=
github.com/go-ng/xsort v0.0.0-20220617174223-1d146907bccc/go.mod h1:Pz/V4pxeXP0hjBlXIrm2ehR0GJ0l4Bon3fsOl6TmoJs=
github.com/google/uuid v1.3.0 h1:t6JiXgmwXMjEs8VusXIJk2BXHsn+wx8BZdTaoZ5fu7I=
github.com/google/uuid v1.3.0/go.mod h1:TIyPZe4MgqvfeYDBFedMoGGpEw/LqOeaOT+nhxU+yHo=
github.com/pmezard/go-difflib v1.0.0 h1:4DBwDE0NGyQoBHbLQYPwSUPoCMWR5BEzIk/f1lZbAQM=
github.com/pmezard/go-difflib v1.0.0/go.mod h1:iKH77koFhYxTK1pcRnkKkqfTogsbg7gZNVY4sRDYZ/4=
github.com/stretchr/objx v0.1.0/go.mod h1:HFkY916IF+rwdDfMAkV7OtwuqBVzrE8GR6GFx+wExME=
github.com/stretchr/testify v1.7.0/go.mod h1:6Fq8oRcR53rry900zMqJjRRixrwX3KX962/h/Wwjteg=
github.com/stretchr/testify v1.8.0 h1:pSgiaMZlXftHpm5L7V1+rVB+AZJydKsMxsQBIJw4PKk=
github.com/trafficstars/metrics v0.0.0-20200814135838-ec71779fd01d/go.mod h1:HHFbOLT4Kf5raCtxlL8s5cDvsJC9knlxD1EL2B8pjGw=
github.com/xaionaro-go/atomicmap v0.0.0-20200307233044-c040bc137895 h1:PFzS0ykP4VVJmqv94Khyp6U5QavIdcrQZw9E13G+Go8=
github.com/xaionaro-go/atomicmap v0.0.0-20200307233044-c040bc137895/go.mod h1:WgfDl7x9++CVnKSu63ThFhBF3nvgj60Ft1nCgrOSgWM=
github.com/xaionaro-go/metrics v0.0.0-20210425194006-68050b337673 h1:JbI/0kqtrQ4etaxSxjuRmz02+tyKzb0TglwUCIyF1DI=
github.com/xaionaro-go/metrics v0.0.0-20210425194006-68050b337673/go.mod h1:mg+WWOABLgtBKT9UFqWxP+p+4C5Nj9ho1GicoVrhWsc=
github.com/xaionaro-go/spinlock v0.0.0-20190309154744-55278e21e817 h1:0ikx4JlTx9uNiHGGC4o0k93GhcWOtONYdhk2H8RUnZU=
github.com/xaionaro-go/spinlock v0.0.0-20190309154744-55278e21e817/go.mod h1:Nb/15eS0BMty6TMuWgRQM8WCDIUlyPZagcpchHT6c9Y=
golang.org/x/exp v0.0.0-20220613132600-b0d781184e0d h1:vtUKgx8dahOomfFzLREU8nSv25YHnTgLBn4rDnWZdU0=
golang.org/x/exp v0.0.0-20220613132600-b0d781184e0d/go.mod h1:Kr81I6Kryrl9sr8s2FK3vxD90NdsKWRuOIl2O4CvYbA=
gopkg.in/check.v1 v0.0.0-20161208181325-20d25e280405/go.mod h1:Co6ibVJAznAaIkqp8huTwlJQCZ016jof/cbN4VW5Yz0=
gopkg.in/yaml.v3 v3.0.0-20200313102051-9f266ea9e77c/go.mod h1:K4uyk7z7BCEPqu6E+C64Yfv1cQ7kz7rIZviUmN+EgEM=
gopkg.in/yaml.v3 v3.0.1 h1:fxVm/GzAzEWqLHuvctI91KS9hhNmmWOoWu0XTYJS7CA=
